
Microsoft Visual Studio Solution File, Format Version 12.00
# Visual Studio Version 16
VisualStudioVersion = 16.0.31129.286
MinimumVisualStudioVersion = 10.0.40219.1
Project("{FAE04EC0-301F-11D3-BF4B-00C04F79EFBC}") = "EF-DBFIRST-MOVİES", "EF-DBFIRST-MOVİES\EF-DBFIRST-MOVİES.csproj", "{5C1DD6DD-FFF9-4391-8277-CF0E4FABD001}"
EndProject
Global
	GlobalSection(SolutionConfigurationPlatforms) = preSolution
		Debug|Any CPU = Debug|Any CPU
		Release|Any CPU = Release|Any CPU
	EndGlobalSection
	GlobalSection(ProjectConfigurationPlatforms) = postSolution
		{5C1DD6DD-FFF9-4391-8277-CF0E4FABD001}.Debug|Any CPU.ActiveCfg = Debug|Any CPU
		{5C1DD6DD-FFF9-4391-8277-CF0E4FABD001}.Debug|Any CPU.Build.0 = Debug|Any CPU
		{5C1DD6DD-FFF9-4391-8277-CF0E4FABD001}.Release|Any CPU.ActiveCfg = Release|Any CPU
		{5C1DD6DD-FFF9-4391-8277-CF0E4FABD001}.Release|Any CPU.Build.0 = Release|Any CPU
	EndGlobalSection
	GlobalSection(SolutionProperties) = preSolution
		HideSolutionNode = FALSE
	EndGlobalSection
	GlobalSection(ExtensibilityGlobals) = postSolution
		SolutionGuid = {95A8B38B-BE64-4F8B-A194-CE9871FBE76A}
	EndGlobalSection
EndGlobal
